{
  "name": "wave-tables",
  "version": "1.0.0",
  "lockfileVersion": 1,
  "requires": true,
  "dependencies": {
    "@mohayonao/wave-tables": {
      "version": "0.2.0",
      "resolved": "https://registry.npmjs.org/@mohayonao/wave-tables/-/wave-tables-0.2.0.tgz",
      "integrity": "sha512-dbHQ76Rr90mhxwng4ZDYso6QAJm5oXYETq2pI4kZ+oCrFpz0BHWk8EeVhbajPBr6zX6GsTr9Q/7MCUvhufxuOQ=="
    },
    "get-json-promise": {
      "version": "1.0.0",
      "resolved": "https://registry.npmjs.org/get-json-promise/-/get-json-promise-1.0.0.tgz",
      "integrity": "sha512-Nv/LpFDvyajwqzpG7ztug2DO56zz/R8e+lGa7MZNpz2Ujne+NV/VSrYaZabxSYHxlxb6Ko6IUPrpQ4TP+A5BUQ=="
    }
  }
}
